{
  "requires": true,
  "lockfileVersion": 1,
  "dependencies": {
    "nanoid": {
      "version": "3.0.2",
      "resolved": "https://registry.npmjs.org/nanoid/-/nanoid-3.0.2.tgz",
      "integrity": "sha512-WOjyy/xu3199NlQiQWlx7VbspSFlGtOxa1bRX9ebmXOnp1fje4bJfjPs1wLQ8jZbJUfD+yceJmw879ZSaVJkdQ=="
    }
  }
}
